
Microsoft Visual Studio Solution File, Format Version 12.00
# Visual Studio 2012
Project("{FAE04EC0-301F-11D3-BF4B-00C04F79EFBC}") = "GDOT-TIA-Mockup", "GDOT-TIA-Mockup\GDOT-TIA-Mockup.csproj", "{95487184-7EB6-4233-B784-FDCB071B37F6}"
EndProject
Global
	GlobalSection(SolutionConfigurationPlatforms) = preSolution
		Debug|Any CPU = Debug|Any CPU
		Release|Any CPU = Release|Any CPU
	EndGlobalSection
	GlobalSection(ProjectConfigurationPlatforms) = postSolution
		{95487184-7EB6-4233-B784-FDCB071B37F6}.Debug|Any CPU.ActiveCfg = Debug|Any CPU
		{95487184-7EB6-4233-B784-FDCB071B37F6}.Debug|Any CPU.Build.0 = Debug|Any CPU
		{95487184-7EB6-4233-B784-FDCB071B37F6}.Release|Any CPU.ActiveCfg = Release|Any CPU
		{95487184-7EB6-4233-B784-FDCB071B37F6}.Release|Any CPU.Build.0 = Release|Any CPU
	EndGlobalSection
	GlobalSection(SolutionProperties) = preSolution
		HideSolutionNode = FALSE
	EndGlobalSection
EndGlobal
